// !$*UTF8*$!
{
	archiveVersion = 1;
	classes = {
	};
	objectVersion = 77;
	objects = {

/* Begin PBXContainerItemProxy section */
		8A37BF102D3CD59300385953 /* PBXContainerItemProxy */ = {
			isa = PBXContainerItemProxy;
			containerPortal = 8A37BEF72D3CD59200385953 /* Project object */;
			proxyType = 1;
			remoteGlobalIDString = 8A37BEFE2D3CD59200385953;
			remoteInfo = BakeryHome;
		};
		8A37BF1A2D3CD59300385953 /* PBXContainerItemProxy */ = {
			isa = PBXContainerItemProxy;
			containerPortal = 8A37BEF72D3CD59200385953 /* Project object */;
			proxyType = 1;
			remoteGlobalIDString = 8A37BEFE2D3CD59200385953;
			remoteInfo = BakeryHome;
		};
/* End PBXContainerItemProxy section */

/* Begin PBXFileReference section */
		8A37BEFF2D3CD59200385953 /* BakeryHome.app */ = {isa = PBXFileReference; explicitFileType = wrapper.application; includeInIndex = 0; path = BakeryHome.app; sourceTree = BUILT_PRODUCTS_DIR; };
		8A37BF0F2D3CD59300385953 /* BakeryHomeTests.xctest */ = {isa = PBXFileReference; explicitFileType = wrapper.cfbundle; includeInIndex = 0; path = BakeryHomeTests.xctest; sourceTree = BUILT_PRODUCTS_DIR; };
		8A37BF192D3CD59300385953 /* BakeryHomeUITests.xctest */ = {isa = PBXFileReference; explicitFileType = wrapper.cfbundle; includeInIndex = 0; path = BakeryHomeUITests.xctest; sourceTree = BUILT_PRODUCTS_DIR; };
/* End PBXFileReference section */

/* Begin PBXFileSystemSynchronizedRootGroup section */
		8A37BF012D3CD59200385953 /* BakeryHome */ = {
			isa = PBXFileSystemSynchronizedRootGroup;
			path = BakeryHome;
			sourceTree = "<group>";
		};
		8A37BF122D3CD59300385953 /* BakeryHomeTests */ = {
			isa = PBXFileSystemSynchronizedRootGroup;
			path = BakeryHomeTests;
			sourceTree = "<group>";
		};
		8A37BF1C2D3CD59300385953 /* BakeryHomeUITests */ = {
			isa = PBXFileSystemSynchronizedRootGroup;
			path = BakeryHomeUITests;
			sourceTree = "<group>";
		};
/* End PBXFileSystemSynchronizedRootGroup section */

/* Begin PBXFrameworksBuildPhase section */
		8A37BEFC2D3CD59200385953 /* Frameworks */ = {
			isa = PBXFrameworksBuildPhase;
			buildActionMask = 2147483647;
			files = (
			);
			runOnlyForDeploymentPostprocessing = 0;
		};
		8A37BF0C2D3CD59300385953 /* Frameworks */ = {
			isa = PBXFrameworksBuildPhase;
			buildActionMask = 2147483647;
			files = (
			);
			runOnlyForDeploymentPostprocessing = 0;
		};
		8A37BF162D3CD59300385953 /* Frameworks */ = {
			isa = PBXFrameworksBuildPhase;
			buildActionMask = 2147483647;
			files = (
			);
			runOnlyForDeploymentPostprocessing = 0;
		};
/* End PBXFrameworksBuildPhase section */

/* Begin PBXGroup section */
		8A37BEF62D3CD59200385953 = {
			isa = PBXGroup;
			children = (
				8A37BF012D3CD59200385953 /* BakeryHome */,
				8A37BF122D3CD59300385953 /* BakeryHomeTests */,
				8A37BF1C2D3CD59300385953 /* BakeryHomeUITests */,
				8A37BF002D3CD59200385953 /* Products */,
			);
			sourceTree = "<group>";
		};
		8A37BF002D3CD59200385953 /* Products */ = {
			isa = PBXGroup;
			children = (
				8A37BEFF2D3CD59200385953 /* BakeryHome.app */,
				8A37BF0F2D3CD59300385953 /* BakeryHomeTests.xctest */,
				8A37BF192D3CD59300385953 /* BakeryHomeUITests.xctest */,
			);
			name = Products;
			sourceTree = "<group>";
		};
/* End PBXGroup section */

/* Begin PBXNativeTarget section */
		8A37BEFE2D3CD59200385953 /* BakeryHome */ = {
			isa = PBXNativeTarget;
			buildConfigurationList = 8A37BF232D3CD59300385953 /* Build configuration list for PBXNativeTarget "BakeryHome" */;
			buildPhases = (
				8A37BEFB2D3CD59200385953 /* Sources */,
				8A37BEFC2D3CD59200385953 /* Frameworks */,
				8A37BEFD2D3CD59200385953 /* Resources */,
			);
			buildRules = (
			);
			dependencies = (
			);
			fileSystemSynchronizedGroups = (
				8A37BF012D3CD59200385953 /* BakeryHome */,
			);
			name = BakeryHome;
			packageProductDependencies = (
			);
			productName = BakeryHome;
			productReference = 8A37BEFF2D3CD59200385953 /* BakeryHome.app */;
			productType = "com.apple.product-type.application";
		};
		8A37BF0E2D3CD59300385953 /* BakeryHomeTests */ = {
			isa = PBXNativeTarget;
			buildConfigurationList = 8A37BF262D3CD59300385953 /* Build configuration list for PBXNativeTarget "BakeryHomeTests" */;
			buildPhases = (
				8A37BF0B2D3CD59300385953 /* Sources */,
				8A37BF0C2D3CD59300385953 /* Frameworks */,
				8A37BF0D2D3CD59300385953 /* Resources */,
			);
			buildRules = (
			);
			dependencies = (
				8A37BF112D3CD59300385953 /* PBXTargetDependency */,
			);
			fileSystemSynchronizedGroups = (
				8A37BF122D3CD59300385953 /* BakeryHomeTests */,
			);
			name = BakeryHomeTests;
			packageProductDependencies = (
			);
			productName = BakeryHomeTests;
			productReference = 8A37BF0F2D3CD59300385953 /* BakeryHomeTests.xctest */;
			productType = "com.apple.product-type.bundle.unit-test";
		};
		8A37BF182D3CD59300385953 /* BakeryHomeUITests */ = {
			isa = PBXNativeTarget;
			buildConfigurationList = 8A37BF292D3CD59300385953 /* Build configuration list for PBXNativeTarget "BakeryHomeUITests" */;
			buildPhases = (
				8A37BF152D3CD59300385953 /* Sources */,
				8A37BF162D3CD59300385953 /* Frameworks */,
				8A37BF172D3CD59300385953 /* Resources */,
			);
			buildRules = (
			);
			dependencies = (
				8A37BF1B2D3CD59300385953 /* PBXTargetDependency */,
			);
			fileSystemSynchronizedGroups = (
				8A37BF1C2D3CD59300385953 /* BakeryHomeUITests */,
			);
			name = BakeryHomeUITests;
			packageProductDependencies = (
			);
			productName = BakeryHomeUITests;
			productReference = 8A37BF192D3CD59300385953 /* BakeryHomeUITests.xctest */;
			productType = "com.apple.product-type.bundle.ui-testing";
		};
/* End PBXNativeTarget section */

/* Begin PBXProject section */
		8A37BEF72D3CD59200385953 /* Project object */ = {
			isa = PBXProject;
			attributes = {
				BuildIndependentTargetsInParallel = 1;
				LastSwiftUpdateCheck = 1620;
				LastUpgradeCheck = 1620;
				TargetAttributes = {
					8A37BEFE2D3CD59200385953 = {
						CreatedOnToolsVersion = 16.2;
					};
					8A37BF0E2D3CD59300385953 = {
						CreatedOnToolsVersion = 16.2;
						TestTargetID = 8A37BEFE2D3CD59200385953;
					};
					8A37BF182D3CD59300385953 = {
						CreatedOnToolsVersion = 16.2;
						TestTargetID = 8A37BEFE2D3CD59200385953;
					};
				};
			};
			buildConfigurationList = 8A37BEFA2D3CD59200385953 /* Build configuration list for PBXProject "BakeryHome" */;
			developmentRegion = en;
			hasScannedForEncodings = 0;
			knownRegions = (
				en,
				Base,
			);
			mainGroup = 8A37BEF62D3CD59200385953;
			minimizedProjectReferenceProxies = 1;
			preferredProjectObjectVersion = 77;
			productRefGroup = 8A37BF002D3CD59200385953 /* Products */;
			projectDirPath = "";
			projectRoot = "";
			targets = (
				8A37BEFE2D3CD59200385953 /* BakeryHome */,
				8A37BF0E2D3CD59300385953 /* BakeryHomeTests */,
				8A37BF182D3CD59300385953 /* BakeryHomeUITests */,
			);
		};
/* End PBXProject section */

/* Begin PBXResourcesBuildPhase section */
		8A37BEFD2D3CD59200385953 /* Resources */ = {
			isa = PBXResourcesBuildPhase;
			buildActionMask = 2147483647;
			files = (
			);
			runOnlyForDeploymentPostprocessing = 0;
		};
		8A37BF0D2D3CD59300385953 /* Resources */ = {
			isa = PBXResourcesBuildPhase;
			buildActionMask = 2147483647;
			files = (
			);
			runOnlyForDeploymentPostprocessing = 0;
		};
		8A37BF172D3CD59300385953 /* Resources */ = {
			isa = PBXResourcesBuildPhase;
			buildActionMask = 2147483647;
			files = (
			);
			runOnlyForDeploymentPostprocessing = 0;
		};
/* End PBXResourcesBuildPhase section */

/* Begin PBXSourcesBuildPhase section */
		8A37BEFB2D3CD59200385953 /* Sources */ = {
			isa = PBXSourcesBuildPhase;
			buildActionMask = 2147483647;
			files = (
			);
			runOnlyForDeploymentPostprocessing = 0;
		};
		8A37BF0B2D3CD59300385953 /* Sources */ = {
			isa = PBXSourcesBuildPhase;
			buildActionMask = 2147483647;
			files = (
			);
			runOnlyForDeploymentPostprocessing = 0;
		};
		8A37BF152D3CD59300385953 /* Sources */ = {
			isa = PBXSourcesBuildPhase;
			buildActionMask = 2147483647;
			files = (
			);
			runOnlyForDeploymentPostprocessing = 0;
		};
/* End PBXSourcesBuildPhase section */

/* Begin PBXTargetDependency section */
		8A37BF112D3CD59300385953 /* PBXTargetDependency */ = {
			isa = PBXTargetDependency;
			target = 8A37BEFE2D3CD59200385953 /* BakeryHome */;
			targetProxy = 8A37BF102D3CD59300385953 /* PBXContainerItemProxy */;
		};
		8A37BF1B2D3CD59300385953 /* PBXTargetDependency */ = {
			isa = PBXTargetDependency;
			target = 8A37BEFE2D3CD59200385953 /* BakeryHome */;
			targetProxy = 8A37BF1A2D3CD59300385953 /* PBXContainerItemProxy */;
		};
/* End PBXTargetDependency section */

/* Begin XCBuildConfiguration section */
		8A37BF212D3CD59300385953 /* Debug */ = {
			isa = XCBuildConfiguration;
			buildSettings = {
				ALWAYS_SEARCH_USER_PATHS = NO;
				ASSETCATALOG_COMPILER_GENERATE_SWIFT_ASSET_SYMBOL_EXTENSIONS = YES;
				CLANG_ANALYZER_NONNULL = YES;
				CLANG_ANALYZER_NUMBER_OBJECT_CONVERSION = YES_AGGRESSIVE;
				CLANG_CXX_LANGUAGE_STANDARD = "gnu++20";
				CLANG_ENABLE_MODULES = YES;
				CLANG_ENABLE_OBJC_ARC = YES;
				CLANG_ENABLE_OBJC_WEAK = YES;
				CLANG_WARN_BLOCK_CAPTURE_AUTORELEASING = YES;
				CLANG_WARN_BOOL_CONVERSION = YES;
				CLANG_WARN_COMMA = YES;
				CLANG_WARN_CONSTANT_CONVERSION = YES;
				CLANG_WARN_DEPRECATED_OBJC_IMPLEMENTATIONS = YES;
				CLANG_WARN_DIRECT_OBJC_ISA_USAGE = YES_ERROR;
				CLANG_WARN_DOCUMENTATION_COMMENTS = YES;
				CLANG_WARN_EMPTY_BODY = YES;
				CLANG_WARN_ENUM_CONVERSION = YES;
				CLANG_WARN_INFINITE_RECURSION = YES;
				CLANG_WARN_INT_CONVERSION = YES;
				CLANG_WARN_NON_LITERAL_NULL_CONVERSION = YES;
				CLANG_WARN_OBJC_IMPLICIT_RETAIN_SELF = YES;
				CLANG_WARN_OBJC_LITERAL_CONVERSION = YES;
				CLANG_WARN_OBJC_ROOT_CLASS = YES_ERROR;
				CLANG_WARN_QUOTED_INCLUDE_IN_FRAMEWORK_HEADER = YES;
				CLANG_WARN_RANGE_LOOP_ANALYSIS = YES;
				CLANG_WARN_STRICT_PROTOTYPES = YES;
				CLANG_WARN_SUSPICIOUS_MOVE = YES;
				CLANG_WARN_UNGUARDED_AVAILABILITY = YES_AGGRESSIVE;
				CLANG_WARN_UNREACHABLE_CODE = YES;
				CLANG_WARN__DUPLICATE_METHOD_MATCH = YES;
				COPY_PHASE_STRIP = NO;
				DEBUG_INFORMATION_FORMAT = dwarf;
				ENABLE_STRICT_OBJC_MSGSEND = YES;
				ENABLE_TESTABILITY = YES;
				ENABLE_USER_SCRIPT_SANDBOXING = YES;
				GCC_C_LANGUAGE_STANDARD = gnu17;
				GCC_DYNAMIC_NO_PIC = NO;
				GCC_NO_COMMON_BLOCKS = YES;
				GCC_OPTIMIZATION_LEVEL = 0;
				GCC_PREPROCESSOR_DEFINITIONS = (
					"DEBUG=1",
					"$(inherited)",
				);
				GCC_WARN_64_TO_32_BIT_CONVERSION = YES;
				GCC_WARN_ABOUT_RETURN_TYPE = YES_ERROR;
				GCC_WARN_UNDECLARED_SELECTOR = YES;
				GCC_WARN_UNINITIALIZED_AUTOS = YES_AGGRESSIVE;
				GCC_WARN_UNUSED_FUNCTION = YES;
				GCC_WARN_UNUSED_VARIABLE = YES;
				IPHONEOS_DEPLOYMENT_TARGET = 18.2;
				LOCALIZATION_PREFERS_STRING_CATALOGS = YES;
				MTL_ENABLE_DEBUG_INFO = INCLUDE_SOURCE;
				MTL_FAST_MATH = YES;
				ONLY_ACTIVE_ARCH = YES;
				SDKROOT = iphoneos;
				SWIFT_ACTIVE_COMPILATION_CONDITIONS = "DEBUG $(inherited)";
				SWIFT_OPTIMIZATION_LEVEL = "-Onone";
			};
			name = Debug;
		};
		8A37BF222D3CD59300385953 /* Release */ = {
			isa = XCBuildConfiguration;
			buildSettings = {
				ALWAYS_SEARCH_USER_PATHS = NO;
				ASSETCATALOG_COMPILER_GENERATE_SWIFT_ASSET_SYMBOL_EXTENSIONS = YES;
				CLANG_ANALYZER_NONNULL = YES;
				CLANG_ANALYZER_NUMBER_OBJECT_CONVERSION = YES_AGGRESSIVE;
				CLANG_CXX_LANGUAGE_STANDARD = "gnu++20";
				CLANG_ENABLE_MODULES = YES;
				CLANG_ENABLE_OBJC_ARC = YES;
				CLANG_ENABLE_OBJC_WEAK = YES;
				CLANG_WARN_BLOCK_CAPTURE_AUTORELEASING = YES;
				CLANG_WARN_BOOL_CONVERSION = YES;
				CLANG_WARN_COMMA = YES;
				CLANG_WARN_CONSTANT_CONVERSION = YES;
				CLANG_WARN_DEPRECATED_OBJC_IMPLEMENTATIONS = YES;
				CLANG_WARN_DIRECT_OBJC_ISA_USAGE = YES_ERROR;
				CLANG_WARN_DOCUMENTATION_COMMENTS = YES;
				CLANG_WARN_EMPTY_BODY = YES;
				CLANG_WARN_ENUM_CONVERSION = YES;
				CLANG_WARN_INFINITE_RECURSION = YES;
				CLANG_WARN_INT_CONVERSION = YES;
				CLANG_WARN_NON_LITERAL_NULL_CONVERSION = YES;
				CLANG_WARN_OBJC_IMPLICIT_RETAIN_SELF = YES;
				CLANG_WARN_OBJC_LITERAL_CONVERSION = YES;
				CLANG_WARN_OBJC_ROOT_CLASS = YES_ERROR;
				CLANG_WARN_QUOTED_INCLUDE_IN_FRAMEWORK_HEADER = YES;
				CLANG_WARN_RANGE_LOOP_ANALYSIS = YES;
				CLANG_WARN_STRICT_PROTOTYPES = YES;
				CLANG_WARN_SUSPICIOUS_MOVE = YES;
				CLANG_WARN_UNGUARDED_AVAILABILITY = YES_AGGRESSIVE;
				CLANG_WARN_UNREACHABLE_CODE = YES;
				CLANG_WARN__DUPLICATE_METHOD_MATCH = YES;
				COPY_PHASE_STRIP = NO;
				DEBUG_INFORMATION_FORMAT = "dwarf-with-dsym";
				ENABLE_NS_ASSERTIONS = NO;
				ENABLE_STRICT_OBJC_MSGSEND = YES;
				ENABLE_USER_SCRIPT_SANDBOXING = YES;
				GCC_C_LANGUAGE_STANDARD = gnu17;
				GCC_NO_COMMON_BLOCKS = YES;
				GCC_WARN_64_TO_32_BIT_CONVERSION = YES;
				GCC_WARN_ABOUT_RETURN_TYPE = YES_ERROR;
				GCC_WARN_UNDECLARED_SELECTOR = YES;
				GCC_WARN_UNINITIALIZED_AUTOS = YES_AGGRESSIVE;
				GCC_WARN_UNUSED_FUNCTION = YES;
				GCC_WARN_UNUSED_VARIABLE = YES;
				IPHONEOS_DEPLOYMENT_TARGET = 18.2;
				LOCALIZATION_PREFERS_STRING_CATALOGS = YES;
				MTL_ENABLE_DEBUG_INFO = NO;
				MTL_FAST_MATH = YES;
				SDKROOT = iphoneos;
				SWIFT_COMPILATION_MODE = wholemodule;
				VALIDATE_PRODUCT = YES;
			};
			name = Release;
		};
		8A37BF242D3CD59300385953 /* Debug */ = {
			isa = XCBuildConfiguration;
			buildSettings = {
				ASSETCATALOG_COMPILER_APPICON_NAME = AppIcon;
				ASSETCATALOG_COMPILER_GLOBAL_ACCENT_COLOR_NAME = AccentColor;
				CODE_SIGN_STYLE = Automatic;
				CURRENT_PROJECT_VERSION = 1;
				DEVELOPMENT_ASSET_PATHS = "\"BakeryHome/Preview Content\"";
				DEVELOPMENT_TEAM = FJ8LSLQVHR;
				ENABLE_PREVIEWS = YES;
				GENERATE_INFOPLIST_FILE = YES;
				INFOPLIST_KEY_UIApplicationSceneManifest_Generation = YES;
				INFOPLIST_KEY_UIApplicationSupportsIndirectInputEvents = YES;
				INFOPLIST_KEY_UILaunchScreen_Generation = YES;
				INFOPLIST_KEY_UISupportedInterfaceOrientations_iPad = "UIInterfaceOrientationPortrait UIInterfaceOrientationPortraitUpsideDown UIInterfaceOrientationLandscapeLeft UIInterfaceOrientationLandscapeRight";
				INFOPLIST_KEY_UISupportedInterfaceOrientations_iPhone = "UIInterfaceOrientationPortrait UIInterfaceOrientationLandscapeLeft UIInterfaceOrientationLandscapeRight";
				LD_RUNPATH_SEARCH_PATHS = (
					"$(inherited)",
					"@executable_path/Frameworks",
				);
				MARKETING_VERSION = 1.0;
				PRODUCT_BUNDLE_IDENTIFIER = com.Nada.BakeryHome;
				PRODUCT_NAME = "$(TARGET_NAME)";
				SWIFT_EMIT_LOC_STRINGS = YES;
				SWIFT_VERSION = 5.0;
				TARGETED_DEVICE_FAMILY = "1,2";
			};
			name = Debug;
		};
		8A37BF252D3CD59300385953 /* Release */ = {
			isa = XCBuildConfiguration;
			buildSettings = {
				ASSETCATALOG_COMPILER_APPICON_NAME = AppIcon;
				ASSETCATALOG_COMPILER_GLOBAL_ACCENT_COLOR_NAME = AccentColor;
				CODE_SIGN_STYLE = Automatic;
				CURRENT_PROJECT_VERSION = 1;
				DEVELOPMENT_ASSET_PATHS = "\"BakeryHome/Preview Content\"";
				DEVELOPMENT_TEAM = FJ8LSLQVHR;
				ENABLE_PREVIEWS = YES;
				GENERATE_INFOPLIST_FILE = YES;
				INFOPLIST_KEY_UIApplicationSceneManifest_Generation = YES;
				INFOPLIST_KEY_UIApplicationSupportsIndirectInputEvents = YES;
				INFOPLIST_KEY_UILaunchScreen_Generation = YES;
				INFOPLIST_KEY_UISupportedInterfaceOrientations_iPad = "UIInterfaceOrientationPortrait UIInterfaceOrientationPortraitUpsideDown UIInterfaceOrientationLandscapeLeft UIInterfaceOrientationLandscapeRight";
				INFOPLIST_KEY_UISupportedInterfaceOrientations_iPhone = "UIInterfaceOrientationPortrait UIInterfaceOrientationLandscapeLeft UIInterfaceOrientationLandscapeRight";
				LD_RUNPATH_SEARCH_PATHS = (
					"$(inherited)",
					"@executable_path/Frameworks",
				);
				MARKETING_VERSION = 1.0;
				PRODUCT_BUNDLE_IDENTIFIER = com.Nada.BakeryHome;
				PRODUCT_NAME = "$(TARGET_NAME)";
				SWIFT_EMIT_LOC_STRINGS = YES;
				SWIFT_VERSION = 5.0;
				TARGETED_DEVICE_FAMILY = "1,2";
			};
			name = Release;
		};
		8A37BF272D3CD59300385953 /* Debug */ = {
			isa = XCBuildConfiguration;
			buildSettings = {
				BUNDLE_LOADER = "$(TEST_HOST)";
				CODE_SIGN_STYLE = Automatic;
				CURRENT_PROJECT_VERSION = 1;
				DEVELOPMENT_TEAM = FJ8LSLQVHR;
				GENERATE_INFOPLIST_FILE = YES;
				IPHONEOS_DEPLOYMENT_TARGET = 18.2;
				MARKETING_VERSION = 1.0;
				PRODUCT_BUNDLE_IDENTIFIER = com.Nada.BakeryHomeTests;
				PRODUCT_NAME = "$(TARGET_NAME)";
				SWIFT_EMIT_LOC_STRINGS = NO;
				SWIFT_VERSION = 5.0;
				TARGETED_DEVICE_FAMILY = "1,2";
				TEST_HOST = "$(BUILT_PRODUCTS_DIR)/BakeryHome.app/$(BUNDLE_EXECUTABLE_FOLDER_PATH)/BakeryHome";
			};
			name = Debug;
		};
		8A37BF282D3CD59300385953 /* Release */ = {
			isa = XCBuildConfiguration;
			buildSettings = {
				BUNDLE_LOADER = "$(TEST_HOST)";
				CODE_SIGN_STYLE = Automatic;
				CURRENT_PROJECT_VERSION = 1;
				DEVELOPMENT_TEAM = FJ8LSLQVHR;
				GENERATE_INFOPLIST_FILE = YES;
				IPHONEOS_DEPLOYMENT_TARGET = 18.2;
				MARKETING_VERSION = 1.0;
				PRODUCT_BUNDLE_IDENTIFIER = com.Nada.BakeryHomeTests;
				PRODUCT_NAME = "$(TARGET_NAME)";
				SWIFT_EMIT_LOC_STRINGS = NO;
				SWIFT_VERSION = 5.0;
				TARGETED_DEVICE_FAMILY = "1,2";
				TEST_HOST = "$(BUILT_PRODUCTS_DIR)/BakeryHome.app/$(BUNDLE_EXECUTABLE_FOLDER_PATH)/BakeryHome";
			};
			name = Release;
		};
		8A37BF2A2D3CD59300385953 /* Debug */ = {
			isa = XCBuildConfiguration;
			buildSettings = {
				CODE_SIGN_STYLE = Automatic;
				CURRENT_PROJECT_VERSION = 1;
				DEVELOPMENT_TEAM = FJ8LSLQVHR;
				GENERATE_INFOPLIST_FILE = YES;
				MARKETING_VERSION = 1.0;
				PRODUCT_BUNDLE_IDENTIFIER = com.Nada.BakeryHomeUITests;
				PRODUCT_NAME = "$(TARGET_NAME)";
				SWIFT_EMIT_LOC_STRINGS = NO;
				SWIFT_VERSION = 5.0;
				TARGETED_DEVICE_FAMILY = "1,2";
				TEST_TARGET_NAME = BakeryHome;
			};
			name = Debug;
		};
		8A37BF2B2D3CD59300385953 /* Release */ = {
			isa = XCBuildConfiguration;
			buildSettings = {
				CODE_SIGN_STYLE = Automatic;
				CURRENT_PROJECT_VERSION = 1;
				DEVELOPMENT_TEAM = FJ8LSLQVHR;
				GENERATE_INFOPLIST_FILE = YES;
				MARKETING_VERSION = 1.0;
				PRODUCT_BUNDLE_IDENTIFIER = com.Nada.BakeryHomeUITests;
				PRODUCT_NAME = "$(TARGET_NAME)";
				SWIFT_EMIT_LOC_STRINGS = NO;
				SWIFT_VERSION = 5.0;
				TARGETED_DEVICE_FAMILY = "1,2";
				TEST_TARGET_NAME = BakeryHome;
			};
			name = Release;
		};
/* End XCBuildConfiguration section */

/* Begin XCConfigurationList section */
		8A37BEFA2D3CD59200385953 /* Build configuration list for PBXProject "BakeryHome" */ = {
			isa = XCConfigurationList;
			buildConfigurations = (
				8A37BF212D3CD59300385953 /* Debug */,
				8A37BF222D3CD59300385953 /* Release */,
			);
			defaultConfigurationIsVisible = 0;
			defaultConfigurationName = Release;
		};
		8A37BF232D3CD59300385953 /* Build configuration list for PBXNativeTarget "BakeryHome" */ = {
			isa = XCConfigurationList;
			buildConfigurations = (
				8A37BF242D3CD59300385953 /* Debug */,
				8A37BF252D3CD59300385953 /* Release */,
			);
			defaultConfigurationIsVisible = 0;
			defaultConfigurationName = Release;
		};
		8A37BF262D3CD59300385953 /* Build configuration list for PBXNativeTarget "BakeryHomeTests" */ = {
			isa = XCConfigurationList;
			buildConfigurations = (
				8A37BF272D3CD59300385953 /* Debug */,
				8A37BF282D3CD59300385953 /* Release */,
			);
			defaultConfigurationIsVisible = 0;
			defaultConfigurationName = Release;
		};
		8A37BF292D3CD59300385953 /* Build configuration list for PBXNativeTarget "BakeryHomeUITests" */ = {
			isa = XCConfigurationList;
			buildConfigurations = (
				8A37BF2A2D3CD59300385953 /* Debug */,
				8A37BF2B2D3CD59300385953 /* Release */,
			);
			defaultConfigurationIsVisible = 0;
			defaultConfigurationName = Release;
		};
/* End XCConfigurationList section */
	};
	rootObject = 8A37BEF72D3CD59200385953 /* Project object */;
}
